
Microsoft Visual Studio Solution File, Format Version 12.00
# Visual Studio Version 16
VisualStudioVersion = 16.0.29123.88
MinimumVisualStudioVersion = 10.0.40219.1
Project("{FAE04EC0-301F-11D3-BF4B-00C04F79EFBC}") = "EconoMe.Android", "EconoMe\EconoMe.Android\EconoMe.Android.csproj", "{448619D3-6D05-407D-9C2B-279D43085A12}"
EndProject
Project("{FAE04EC0-301F-11D3-BF4B-00C04F79EFBC}") = "EconoMe.IOS", "EconoMe\EconoMe.IOS\EconoMe.IOS.csproj", "{0AEC6588-2DEF-40E7-B3A0-1702F7C9602D}"
EndProject
Project("{9A19103F-16F7-4668-BE54-9A1E7A4F7556}") = "EconoMe", "EconoMe\EconoMe\EconoMe.csproj", "{CCA50F6C-330C-4D98-9DD6-AC9828D31D09}"
EndProject
Project("{FAE04EC0-301F-11D3-BF4B-00C04F79EFBC}") = "EconoMe.UnitTest", "EconoMe\EconoMe.UnitTest\EconoMe.UnitTest.csproj", "{A6F6FEF2-8BE7-436D-800E-AC171E316D67}"
EndProject
Global
	GlobalSection(SolutionConfigurationPlatforms) = preSolution
		Ad-Hoc|Any CPU = Ad-Hoc|Any CPU
		Ad-Hoc|iPhone = Ad-Hoc|iPhone
		Ad-Hoc|iPhoneSimulator = Ad-Hoc|iPhoneSimulator
		AppStore|Any CPU = AppStore|Any CPU
		AppStore|iPhone = AppStore|iPhone
		AppStore|iPhoneSimulator = AppStore|iPhoneSimulator
		Debug|Any CPU = Debug|Any CPU
		Debug|iPhone = Debug|iPhone
		Debug|iPhoneSimulator = Debug|iPhoneSimulator
		Release|Any CPU = Release|Any CPU
		Release|iPhone = Release|iPhone
		Release|iPhoneSimulator = Release|iPhoneSimulator
	EndGlobalSection
	GlobalSection(ProjectConfigurationPlatforms) = postSolution
		{448619D3-6D05-407D-9C2B-279D43085A12}.Ad-Hoc|Any CPU.ActiveCfg = Release|Any CPU
		{448619D3-6D05-407D-9C2B-279D43085A12}.Ad-Hoc|Any CPU.Build.0 = Release|Any CPU
		{448619D3-6D05-407D-9C2B-279D43085A12}.Ad-Hoc|Any CPU.Deploy.0 = Release|Any CPU
		{448619D3-6D05-407D-9C2B-279D43085A12}.Ad-Hoc|iPhone.ActiveCfg = Release|Any CPU
		{448619D3-6D05-407D-9C2B-279D43085A12}.Ad-Hoc|iPhone.Build.0 = Release|Any CPU
		{448619D3-6D05-407D-9C2B-279D43085A12}.Ad-Hoc|iPhone.Deploy.0 = Release|Any CPU
		{448619D3-6D05-407D-9C2B-279D43085A12}.Ad-Hoc|iPhoneSimulator.ActiveCfg = Release|Any CPU
		{448619D3-6D05-407D-9C2B-279D43085A12}.Ad-Hoc|iPhoneSimulator.Build.0 = Release|Any CPU
		{448619D3-6D05-407D-9C2B-279D43085A12}.Ad-Hoc|iPhoneSimulator.Deploy.0 = Release|Any CPU
		{448619D3-6D05-407D-9C2B-279D43085A12}.AppStore|Any CPU.ActiveCfg = Release|Any CPU
		{448619D3-6D05-407D-9C2B-279D43085A12}.AppStore|Any CPU.Build.0 = Release|Any CPU
		{448619D3-6D05-407D-9C2B-279D43085A12}.AppStore|Any CPU.Deploy.0 = Release|Any CPU
		{448619D3-6D05-407D-9C2B-279D43085A12}.AppStore|iPhone.ActiveCfg = Release|Any CPU
		{448619D3-6D05-407D-9C2B-279D43085A12}.AppStore|iPhone.Build.0 = Release|Any CPU
		{448619D3-6D05-407D-9C2B-279D43085A12}.AppStore|iPhone.Deploy.0 = Release|Any CPU
		{448619D3-6D05-407D-9C2B-279D43085A12}.AppStore|iPhoneSimulator.ActiveCfg = Release|Any CPU
		{448619D3-6D05-407D-9C2B-279D43085A12}.AppStore|iPhoneSimulator.Build.0 = Release|Any CPU
		{448619D3-6D05-407D-9C2B-279D43085A12}.AppStore|iPhoneSimulator.Deploy.0 = Release|Any CPU
		{448619D3-6D05-407D-9C2B-279D43085A12}.Debug|Any CPU.ActiveCfg = Debug|Any CPU
		{448619D3-6D05-407D-9C2B-279D43085A12}.Debug|Any CPU.Build.0 = Debug|Any CPU
		{448619D3-6D05-407D-9C2B-279D43085A12}.Debug|Any CPU.Deploy.0 = Debug|Any CPU
		{448619D3-6D05-407D-9C2B-279D43085A12}.Debug|iPhone.ActiveCfg = Debug|Any CPU
		{448619D3-6D05-407D-9C2B-279D43085A12}.Debug|iPhone.Build.0 = Debug|Any CPU
		{448619D3-6D05-407D-9C2B-279D43085A12}.Debug|iPhone.Deploy.0 = Debug|Any CPU
		{448619D3-6D05-407D-9C2B-279D43085A12}.Debug|iPhoneSimulator.ActiveCfg = Debug|Any CPU
		{448619D3-6D05-407D-9C2B-279D43085A12}.Debug|iPhoneSimulator.Build.0 = Debug|Any CPU
		{448619D3-6D05-407D-9C2B-279D43085A12}.Debug|iPhoneSimulator.Deploy.0 = Debug|Any CPU
		{448619D3-6D05-407D-9C2B-279D43085A12}.Release|Any CPU.ActiveCfg = Release|Any CPU
		{448619D3-6D05-407D-9C2B-279D43085A12}.Release|Any CPU.Build.0 = Release|Any CPU
		{448619D3-6D05-407D-9C2B-279D43085A12}.Release|Any CPU.Deploy.0 = Release|Any CPU
		{448619D3-6D05-407D-9C2B-279D43085A12}.Release|iPhone.ActiveCfg = Release|Any CPU
		{448619D3-6D05-407D-9C2B-279D43085A12}.Release|iPhone.Build.0 = Release|Any CPU
		{448619D3-6D05-407D-9C2B-279D43085A12}.Release|iPhone.Deploy.0 = Release|Any CPU
		{448619D3-6D05-407D-9C2B-279D43085A12}.Release|iPhoneSimulator.ActiveCfg = Release|Any CPU
		{448619D3-6D05-407D-9C2B-279D43085A12}.Release|iPhoneSimulator.Build.0 = Release|Any CPU
		{448619D3-6D05-407D-9C2B-279D43085A12}.Release|iPhoneSimulator.Deploy.0 = Release|Any CPU
		{0AEC6588-2DEF-40E7-B3A0-1702F7C9602D}.Ad-Hoc|Any CPU.ActiveCfg = Ad-Hoc|iPhone
		{0AEC6588-2DEF-40E7-B3A0-1702F7C9602D}.Ad-Hoc|iPhone.ActiveCfg = Ad-Hoc|iPhone
		{0AEC6588-2DEF-40E7-B3A0-1702F7C9602D}.Ad-Hoc|iPhone.Build.0 = Ad-Hoc|iPhone
		{0AEC6588-2DEF-40E7-B3A0-1702F7C9602D}.Ad-Hoc|iPhoneSimulator.ActiveCfg = Ad-Hoc|iPhoneSimulator
		{0AEC6588-2DEF-40E7-B3A0-1702F7C9602D}.Ad-Hoc|iPhoneSimulator.Build.0 = Ad-Hoc|iPhoneSimulator
		{0AEC6588-2DEF-40E7-B3A0-1702F7C9602D}.AppStore|Any CPU.ActiveCfg = AppStore|iPhone
		{0AEC6588-2DEF-40E7-B3A0-1702F7C9602D}.AppStore|iPhone.ActiveCfg = AppStore|iPhone
		{0AEC6588-2DEF-40E7-B3A0-1702F7C9602D}.AppStore|iPhone.Build.0 = AppStore|iPhone
		{0AEC6588-2DEF-40E7-B3A0-1702F7C9602D}.AppStore|iPhoneSimulator.ActiveCfg = AppStore|iPhoneSimulator
		{0AEC6588-2DEF-40E7-B3A0-1702F7C9602D}.AppStore|iPhoneSimulator.Build.0 = AppStore|iPhoneSimulator
		{0AEC6588-2DEF-40E7-B3A0-1702F7C9602D}.Debug|Any CPU.ActiveCfg = Debug|iPhone
		{0AEC6588-2DEF-40E7-B3A0-1702F7C9602D}.Debug|iPhone.ActiveCfg = Debug|iPhone
		{0AEC6588-2DEF-40E7-B3A0-1702F7C9602D}.Debug|iPhone.Build.0 = Debug|iPhone
		{0AEC6588-2DEF-40E7-B3A0-1702F7C9602D}.Debug|iPhoneSimulator.ActiveCfg = Debug|iPhoneSimulator
		{0AEC6588-2DEF-40E7-B3A0-1702F7C9602D}.Debug|iPhoneSimulator.Build.0 = Debug|iPhoneSimulator
		{0AEC6588-2DEF-40E7-B3A0-1702F7C9602D}.Release|Any CPU.ActiveCfg = Release|iPhone
		{0AEC6588-2DEF-40E7-B3A0-1702F7C9602D}.Release|iPhone.ActiveCfg = Release|iPhone
		{0AEC6588-2DEF-40E7-B3A0-1702F7C9602D}.Release|iPhone.Build.0 = Release|iPhone
		{0AEC6588-2DEF-40E7-B3A0-1702F7C9602D}.Release|iPhoneSimulator.ActiveCfg = Release|iPhoneSimulator
		{0AEC6588-2DEF-40E7-B3A0-1702F7C9602D}.Release|iPhoneSimulator.Build.0 = Release|iPhoneSimulator
		{CCA50F6C-330C-4D98-9DD6-AC9828D31D09}.Ad-Hoc|Any CPU.ActiveCfg = Debug|Any CPU
		{CCA50F6C-330C-4D98-9DD6-AC9828D31D09}.Ad-Hoc|Any CPU.Build.0 = Debug|Any CPU
		{CCA50F6C-330C-4D98-9DD6-AC9828D31D09}.Ad-Hoc|iPhone.ActiveCfg = Debug|Any CPU
		{CCA50F6C-330C-4D98-9DD6-AC9828D31D09}.Ad-Hoc|iPhone.Build.0 = Debug|Any CPU
		{CCA50F6C-330C-4D98-9DD6-AC9828D31D09}.Ad-Hoc|iPhoneSimulator.ActiveCfg = Debug|Any CPU
		{CCA50F6C-330C-4D98-9DD6-AC9828D31D09}.Ad-Hoc|iPhoneSimulator.Build.0 = Debug|Any CPU
		{CCA50F6C-330C-4D98-9DD6-AC9828D31D09}.AppStore|Any CPU.ActiveCfg = Debug|Any CPU
		{CCA50F6C-330C-4D98-9DD6-AC9828D31D09}.AppStore|Any CPU.Build.0 = Debug|Any CPU
		{CCA50F6C-330C-4D98-9DD6-AC9828D31D09}.AppStore|iPhone.ActiveCfg = Debug|Any CPU
		{CCA50F6C-330C-4D98-9DD6-AC9828D31D09}.AppStore|iPhone.Build.0 = Debug|Any CPU
		{CCA50F6C-330C-4D98-9DD6-AC9828D31D09}.AppStore|iPhoneSimulator.ActiveCfg = Debug|Any CPU
		{CCA50F6C-330C-4D98-9DD6-AC9828D31D09}.AppStore|iPhoneSimulator.Build.0 = Debug|Any CPU
		{CCA50F6C-330C-4D98-9DD6-AC9828D31D09}.Debug|Any CPU.ActiveCfg = Debug|Any CPU
		{CCA50F6C-330C-4D98-9DD6-AC9828D31D09}.Debug|Any CPU.Build.0 = Debug|Any CPU
		{CCA50F6C-330C-4D98-9DD6-AC9828D31D09}.Debug|iPhone.ActiveCfg = Debug|Any CPU
		{CCA50F6C-330C-4D98-9DD6-AC9828D31D09}.Debug|iPhone.Build.0 = Debug|Any CPU
		{CCA50F6C-330C-4D98-9DD6-AC9828D31D09}.Debug|iPhoneSimulator.ActiveCfg = Debug|Any CPU
		{CCA50F6C-330C-4D98-9DD6-AC9828D31D09}.Debug|iPhoneSimulator.Build.0 = Debug|Any CPU
		{CCA50F6C-330C-4D98-9DD6-AC9828D31D09}.Release|Any CPU.ActiveCfg = Release|Any CPU
		{CCA50F6C-330C-4D98-9DD6-AC9828D31D09}.Release|Any CPU.Build.0 = Release|Any CPU
		{CCA50F6C-330C-4D98-9DD6-AC9828D31D09}.Release|iPhone.ActiveCfg = Release|Any CPU
		{CCA50F6C-330C-4D98-9DD6-AC9828D31D09}.Release|iPhone.Build.0 = Release|Any CPU
		{CCA50F6C-330C-4D98-9DD6-AC9828D31D09}.Release|iPhoneSimulator.ActiveCfg = Release|Any CPU
		{CCA50F6C-330C-4D98-9DD6-AC9828D31D09}.Release|iPhoneSimulator.Build.0 = Release|Any CPU
		{A6F6FEF2-8BE7-436D-800E-AC171E316D67}.Ad-Hoc|Any CPU.ActiveCfg = Debug|Any CPU
		{A6F6FEF2-8BE7-436D-800E-AC171E316D67}.Ad-Hoc|Any CPU.Build.0 = Debug|Any CPU
		{A6F6FEF2-8BE7-436D-800E-AC171E316D67}.Ad-Hoc|iPhone.ActiveCfg = Debug|Any CPU
		{A6F6FEF2-8BE7-436D-800E-AC171E316D67}.Ad-Hoc|iPhone.Build.0 = Debug|Any CPU
		{A6F6FEF2-8BE7-436D-800E-AC171E316D67}.Ad-Hoc|iPhoneSimulator.ActiveCfg = Debug|Any CPU
		{A6F6FEF2-8BE7-436D-800E-AC171E316D67}.Ad-Hoc|iPhoneSimulator.Build.0 = Debug|Any CPU
		{A6F6FEF2-8BE7-436D-800E-AC171E316D67}.AppStore|Any CPU.ActiveCfg = Debug|Any CPU
		{A6F6FEF2-8BE7-436D-800E-AC171E316D67}.AppStore|Any CPU.Build.0 = Debug|Any CPU
		{A6F6FEF2-8BE7-436D-800E-AC171E316D67}.AppStore|iPhone.ActiveCfg = Debug|Any CPU
		{A6F6FEF2-8BE7-436D-800E-AC171E316D67}.AppStore|iPhone.Build.0 = Debug|Any CPU
		{A6F6FEF2-8BE7-436D-800E-AC171E316D67}.AppStore|iPhoneSimulator.ActiveCfg = Debug|Any CPU
		{A6F6FEF2-8BE7-436D-800E-AC171E316D67}.AppStore|iPhoneSimulator.Build.0 = Debug|Any CPU
		{A6F6FEF2-8BE7-436D-800E-AC171E316D67}.Debug|Any CPU.ActiveCfg = Debug|Any CPU
		{A6F6FEF2-8BE7-436D-800E-AC171E316D67}.Debug|Any CPU.Build.0 = Debug|Any CPU
		{A6F6FEF2-8BE7-436D-800E-AC171E316D67}.Debug|iPhone.ActiveCfg = Debug|Any CPU
		{A6F6FEF2-8BE7-436D-800E-AC171E316D67}.Debug|iPhone.Build.0 = Debug|Any CPU
		{A6F6FEF2-8BE7-436D-800E-AC171E316D67}.Debug|iPhoneSimulator.ActiveCfg = Debug|Any CPU
		{A6F6FEF2-8BE7-436D-800E-AC171E316D67}.Debug|iPhoneSimulator.Build.0 = Debug|Any CPU
		{A6F6FEF2-8BE7-436D-800E-AC171E316D67}.Release|Any CPU.ActiveCfg = Release|Any CPU
		{A6F6FEF2-8BE7-436D-800E-AC171E316D67}.Release|Any CPU.Build.0 = Release|Any CPU
		{A6F6FEF2-8BE7-436D-800E-AC171E316D67}.Release|iPhone.ActiveCfg = Release|Any CPU
		{A6F6FEF2-8BE7-436D-800E-AC171E316D67}.Release|iPhone.Build.0 = Release|Any CPU
		{A6F6FEF2-8BE7-436D-800E-AC171E316D67}.Release|iPhoneSimulator.ActiveCfg = Release|Any CPU
		{A6F6FEF2-8BE7-436D-800E-AC171E316D67}.Release|iPhoneSimulator.Build.0 = Release|Any CPU
	EndGlobalSection
	GlobalSection(SolutionProperties) = preSolution
		HideSolutionNode = FALSE
	EndGlobalSection
	GlobalSection(ExtensibilityGlobals) = postSolution
		SolutionGuid = {D7825949-D039-4933-9517-A348189EDA48}
	EndGlobalSection
EndGlobal
